
Microsoft Visual Studio Solution File, Format Version 12.00
# Visual Studio Version 17
VisualStudioVersion = 17.11.35312.102
MinimumVisualStudioVersion = 10.0.40219.1
Project("{FAE04EC0-301F-11D3-BF4B-00C04F79EFBC}") = "CMS.Api", "CMS.Api\CMS.Api.csproj", "{743FC074-040C-45D2-9C16-648E4C8734DD}"
EndProject
Project("{FAE04EC0-301F-11D3-BF4B-00C04F79EFBC}") = "CMS.DAL", "DAL\CMS.DAL.csproj", "{FC3DA0FE-B07B-4732-935C-1FC8253A0037}"
EndProject
Project("{FAE04EC0-301F-11D3-BF4B-00C04F79EFBC}") = "CMS.Models", "Models\CMS.Models.csproj", "{28265D65-6335-4ECF-A58F-A84C2B035204}"
EndProject
Project("{FAE04EC0-301F-11D3-BF4B-00C04F79EFBC}") = "CMS.Domain", "Domain\CMS.Domain.csproj", "{AAD8F1CB-D6DF-43AE-A9F1-9A66AC49B0FC}"
EndProject
Project("{FAE04EC0-301F-11D3-BF4B-00C04F79EFBC}") = "CMS.Admin", "CMS.Admin\CMS.Admin.csproj", "{C8CBA420-DB99-4922-95F0-4BB8DAC25B2B}"
EndProject
Project("{FAE04EC0-301F-11D3-BF4B-00C04F79EFBC}") = "CMS.Shared", "Shared\CMS.Shared.csproj", "{5D0A4135-BF81-4932-A0D4-787CB1AF1EE8}"
EndProject
Global
	GlobalSection(SolutionConfigurationPlatforms) = preSolution
		Debug|Any CPU = Debug|Any CPU
		Release|Any CPU = Release|Any CPU
	EndGlobalSection
	GlobalSection(ProjectConfigurationPlatforms) = postSolution
		{743FC074-040C-45D2-9C16-648E4C8734DD}.Debug|Any CPU.ActiveCfg = Debug|Any CPU
		{743FC074-040C-45D2-9C16-648E4C8734DD}.Debug|Any CPU.Build.0 = Debug|Any CPU
		{743FC074-040C-45D2-9C16-648E4C8734DD}.Release|Any CPU.ActiveCfg = Release|Any CPU
		{743FC074-040C-45D2-9C16-648E4C8734DD}.Release|Any CPU.Build.0 = Release|Any CPU
		{FC3DA0FE-B07B-4732-935C-1FC8253A0037}.Debug|Any CPU.ActiveCfg = Debug|Any CPU
		{FC3DA0FE-B07B-4732-935C-1FC8253A0037}.Debug|Any CPU.Build.0 = Debug|Any CPU
		{FC3DA0FE-B07B-4732-935C-1FC8253A0037}.Release|Any CPU.ActiveCfg = Release|Any CPU
		{FC3DA0FE-B07B-4732-935C-1FC8253A0037}.Release|Any CPU.Build.0 = Release|Any CPU
		{28265D65-6335-4ECF-A58F-A84C2B035204}.Debug|Any CPU.ActiveCfg = Debug|Any CPU
		{28265D65-6335-4ECF-A58F-A84C2B035204}.Debug|Any CPU.Build.0 = Debug|Any CPU
		{28265D65-6335-4ECF-A58F-A84C2B035204}.Release|Any CPU.ActiveCfg = Release|Any CPU
		{28265D65-6335-4ECF-A58F-A84C2B035204}.Release|Any CPU.Build.0 = Release|Any CPU
		{AAD8F1CB-D6DF-43AE-A9F1-9A66AC49B0FC}.Debug|Any CPU.ActiveCfg = Debug|Any CPU
		{AAD8F1CB-D6DF-43AE-A9F1-9A66AC49B0FC}.Debug|Any CPU.Build.0 = Debug|Any CPU
		{AAD8F1CB-D6DF-43AE-A9F1-9A66AC49B0FC}.Release|Any CPU.ActiveCfg = Release|Any CPU
		{AAD8F1CB-D6DF-43AE-A9F1-9A66AC49B0FC}.Release|Any CPU.Build.0 = Release|Any CPU
		{C8CBA420-DB99-4922-95F0-4BB8DAC25B2B}.Debug|Any CPU.ActiveCfg = Debug|Any CPU
		{C8CBA420-DB99-4922-95F0-4BB8DAC25B2B}.Debug|Any CPU.Build.0 = Debug|Any CPU
		{C8CBA420-DB99-4922-95F0-4BB8DAC25B2B}.Release|Any CPU.ActiveCfg = Release|Any CPU
		{C8CBA420-DB99-4922-95F0-4BB8DAC25B2B}.Release|Any CPU.Build.0 = Release|Any CPU
		{5D0A4135-BF81-4932-A0D4-787CB1AF1EE8}.Debug|Any CPU.ActiveCfg = Debug|Any CPU
		{5D0A4135-BF81-4932-A0D4-787CB1AF1EE8}.Debug|Any CPU.Build.0 = Debug|Any CPU
		{5D0A4135-BF81-4932-A0D4-787CB1AF1EE8}.Release|Any CPU.ActiveCfg = Release|Any CPU
		{5D0A4135-BF81-4932-A0D4-787CB1AF1EE8}.Release|Any CPU.Build.0 = Release|Any CPU
	EndGlobalSection
	GlobalSection(SolutionProperties) = preSolution
		HideSolutionNode = FALSE
	EndGlobalSection
	GlobalSection(ExtensibilityGlobals) = postSolution
		SolutionGuid = {0A1682C6-939F-4B7B-BF53-A6CB40F5D808}
	EndGlobalSection
EndGlobal
